
Microsoft Visual Studio Solution File, Format Version 12.00
# Visual Studio 15
VisualStudioVersion = 15.0.27428.2015
MinimumVisualStudioVersion = 10.0.40219.1
Project("{9A19103F-16F7-4668-BE54-9A1E7A4F7556}") = "JwtAuthExample", "JwtAuthExample\JwtAuthExample.csproj", "{850062E1-BA36-4703-980E-10EA86A96B69}"
EndProject
Global
	GlobalSection(SolutionConfigurationPlatforms) = preSolution
		Debug|Any CPU = Debug|Any CPU
		Release|Any CPU = Release|Any CPU
	EndGlobalSection
	GlobalSection(ProjectConfigurationPlatforms) = postSolution
		{850062E1-BA36-4703-980E-10EA86A96B69}.Debug|Any CPU.ActiveCfg = Debug|Any CPU
		{850062E1-BA36-4703-980E-10EA86A96B69}.Debug|Any CPU.Build.0 = Debug|Any CPU
		{850062E1-BA36-4703-980E-10EA86A96B69}.Release|Any CPU.ActiveCfg = Release|Any CPU
		{850062E1-BA36-4703-980E-10EA86A96B69}.Release|Any CPU.Build.0 = Release|Any CPU
	EndGlobalSection
	GlobalSection(SolutionProperties) = preSolution
		HideSolutionNode = FALSE
	EndGlobalSection
	GlobalSection(ExtensibilityGlobals) = postSolution
		SolutionGuid = {1ABABD5E-D717-4CC5-A6C7-0F899259277F}
	EndGlobalSection
EndGlobal
